
Microsoft Visual Studio Solution File, Format Version 12.00
# Visual Studio Version 16
VisualStudioVersion = 16.0.30621.155
MinimumVisualStudioVersion = 10.0.40219.1
Project("{FAE04EC0-301F-11D3-BF4B-00C04F79EFBC}") = "StudentOrganization", "StudentOrganization.csproj", "{33778B43-EC8E-4362-8154-AAC4FA158353}"
EndProject
Project("{FAE04EC0-301F-11D3-BF4B-00C04F79EFBC}") = "WebApplication1", "..\WebApplication1\WebApplication1.csproj", "{CDEE6A14-2F7B-474F-91CD-D9D361C43B9C}"
EndProject
Project("{FAE04EC0-301F-11D3-BF4B-00C04F79EFBC}") = "WebApplication1.Tests", "WebApplication1.Tests\WebApplication1.Tests.csproj", "{F6AF4C39-8AC8-46C7-9DE1-83AE003B9087}"
EndProject
Global
	GlobalSection(SolutionConfigurationPlatforms) = preSolution
		Debug|Any CPU = Debug|Any CPU
		Release|Any CPU = Release|Any CPU
	EndGlobalSection
	GlobalSection(ProjectConfigurationPlatforms) = postSolution
		{33778B43-EC8E-4362-8154-AAC4FA158353}.Debug|Any CPU.ActiveCfg = Debug|Any CPU
		{33778B43-EC8E-4362-8154-AAC4FA158353}.Debug|Any CPU.Build.0 = Debug|Any CPU
		{33778B43-EC8E-4362-8154-AAC4FA158353}.Release|Any CPU.ActiveCfg = Release|Any CPU
		{33778B43-EC8E-4362-8154-AAC4FA158353}.Release|Any CPU.Build.0 = Release|Any CPU
		{CDEE6A14-2F7B-474F-91CD-D9D361C43B9C}.Debug|Any CPU.ActiveCfg = Debug|Any CPU
		{CDEE6A14-2F7B-474F-91CD-D9D361C43B9C}.Debug|Any CPU.Build.0 = Debug|Any CPU
		{CDEE6A14-2F7B-474F-91CD-D9D361C43B9C}.Release|Any CPU.ActiveCfg = Release|Any CPU
		{CDEE6A14-2F7B-474F-91CD-D9D361C43B9C}.Release|Any CPU.Build.0 = Release|Any CPU
		{F6AF4C39-8AC8-46C7-9DE1-83AE003B9087}.Debug|Any CPU.ActiveCfg = Debug|Any CPU
		{F6AF4C39-8AC8-46C7-9DE1-83AE003B9087}.Debug|Any CPU.Build.0 = Debug|Any CPU
		{F6AF4C39-8AC8-46C7-9DE1-83AE003B9087}.Release|Any CPU.ActiveCfg = Release|Any CPU
		{F6AF4C39-8AC8-46C7-9DE1-83AE003B9087}.Release|Any CPU.Build.0 = Release|Any CPU
	EndGlobalSection
	GlobalSection(SolutionProperties) = preSolution
		HideSolutionNode = FALSE
	EndGlobalSection
	GlobalSection(ExtensibilityGlobals) = postSolution
		SolutionGuid = {C7770028-42B1-4582-8FC5-ACD41D260BD4}
	EndGlobalSection
EndGlobal
